<?xml version="1.0" encoding="utf-8"?>
<Project ToolsVersion="4.0" xmlns="http://schemas.microsoft.com/developer/msbuild/2003">
  <ItemGroup>
    <ClCompile Include="..\app_main.cpp" />
    <ClCompile Include="..\src\App.cpp">
      <Filter>src</Filter>
    </ClCompile>
    <ClCompile Include="..\src\Circle.cpp">
      <Filter>src</Filter>
    </ClCompile>
    <ClCompile Include="..\src\GlutApp.cpp">
      <Filter>src</Filter>
    </ClCompile>
    <ClCompile Include="..\src\Rect.cpp">
      <Filter>src</Filter>
    </ClCompile>
    <ClCompile Include="..\src\Shape.cpp">
      <Filter>src</Filter>
    </ClCompile>
  </ItemGroup>
  <ItemGroup>
    <ClInclude Include="resource.h" />
    <ClInclude Include="..\includes\App.h">
      <Filter>includes</Filter>
    </ClInclude>
    <ClInclude Include="..\includes\Circle.h">
      <Filter>includes</Filter>
    </ClInclude>
    <ClInclude Include="..\includes\GlutApp.h">
      <Filter>includes</Filter>
    </ClInclude>
    <ClInclude Include="..\includes\Rect.h">
      <Filter>includes</Filter>
    </ClInclude>
    <ClInclude Include="..\includes\Shape.h">
      <Filter>includes</Filter>
    </ClInclude>
  </ItemGroup>
  <ItemGroup>
    <ResourceCompile Include="glutapp.rc" />
  </ItemGroup>
  <ItemGroup>
    <Filter Include="src">
      <UniqueIdentifier>{0d75a7ce-8dda-4f73-a605-b593bc2a819a}</UniqueIdentifier>
    </Filter>
    <Filter Include="includes">
      <UniqueIdentifier>{9380af83-b1ae-47c4-9f94-4c2c113e2a7e}</UniqueIdentifier>
    </Filter>
  </ItemGroup>
</Project>